
Microsoft Visual Studio Solution File, Format Version 12.00
# Visual Studio Version 16
VisualStudioVersion = 16.0.29009.5
MinimumVisualStudioVersion = 10.0.40219.1
Project("{2150E333-8FDC-42A3-9474-1A3956D46DE8}") = "Behavioral", "Behavioral", "{D8E28F32-D4A4-4893-B694-3630B1CBBDF1}"
EndProject
Project("{2150E333-8FDC-42A3-9474-1A3956D46DE8}") = "Crational", "Crational", "{A255A92B-9BBD-4A82-B271-3F8D5577DBC5}"
EndProject
Project("{2150E333-8FDC-42A3-9474-1A3956D46DE8}") = "Structural", "Structural", "{414CC38F-9591-4A03-BAEF-9E2E7566916A}"
EndProject
Project("{9A19103F-16F7-4668-BE54-9A1E7A4F7556}") = "Adapter", "Adapter\Adapter.csproj", "{417B1789-D369-482A-8033-6A4FA00591BB}"
EndProject
Project("{9A19103F-16F7-4668-BE54-9A1E7A4F7556}") = "Bridge", "Bridge\Bridge.csproj", "{B32A8EA8-55F8-4767-A47D-05FF89CB3974}"
EndProject
Project("{9A19103F-16F7-4668-BE54-9A1E7A4F7556}") = "Proxy", "Proxy\Proxy.csproj", "{58B0BA05-3797-4F6E-A079-A529DDE1BF2F}"
EndProject
Project("{9A19103F-16F7-4668-BE54-9A1E7A4F7556}") = "Builder", "Builder\Builder.csproj", "{AD641EF4-A28D-4605-A1CA-7AB17E10AD95}"
EndProject
Project("{9A19103F-16F7-4668-BE54-9A1E7A4F7556}") = "FactoryMethod", "FactoryMethod\FactoryMethod.csproj", "{C415C341-CF2F-4B1E-AFCF-7A222F75D7AF}"
EndProject
Project("{9A19103F-16F7-4668-BE54-9A1E7A4F7556}") = "Singleton", "Singletone\Singleton.csproj", "{2C8D70E8-9D89-4D29-B534-42525E7A4377}"
EndProject
Project("{9A19103F-16F7-4668-BE54-9A1E7A4F7556}") = "Prototype", "Prototype\Prototype.csproj", "{F3A1B1C6-047B-4600-B6AB-333553289903}"
EndProject
Project("{9A19103F-16F7-4668-BE54-9A1E7A4F7556}") = "Multiton", "Multiton\Multiton.csproj", "{6C17B5C9-1C92-4722-9D58-6494417537BC}"
EndProject
Project("{9A19103F-16F7-4668-BE54-9A1E7A4F7556}") = "AbstractFactory", "AbstractFactory\AbstractFactory.csproj", "{B74F2649-7E5B-4E52-A11F-9D0E585416CD}"
EndProject
Project("{9A19103F-16F7-4668-BE54-9A1E7A4F7556}") = "Composite", "Composite\Composite.csproj", "{6B26939C-7160-4BF3-BF71-B9138C9B26A3}"
EndProject
Project("{9A19103F-16F7-4668-BE54-9A1E7A4F7556}") = "Decorator", "Decorator\Decorator.csproj", "{3D835A75-4B6C-441C-B3BB-2C8830903B5D}"
EndProject
Project("{9A19103F-16F7-4668-BE54-9A1E7A4F7556}") = "Facade", "Facade\Facade.csproj", "{1407AB34-8118-4ACF-A363-33A24CAF991C}"
EndProject
Project("{9A19103F-16F7-4668-BE54-9A1E7A4F7556}") = "FlyWeight", "FlyWeight\FlyWeight.csproj", "{0631BFC1-46E4-4BCF-96CA-F4BB64BEF4D0}"
EndProject
Project("{9A19103F-16F7-4668-BE54-9A1E7A4F7556}") = "Strategy", "Strategy\Strategy.csproj", "{ECA48D41-CD04-4DFB-B169-72F3E08BDEB4}"
EndProject
Project("{9A19103F-16F7-4668-BE54-9A1E7A4F7556}") = "ChainOfResponsibility", "ChainOfResponsibility\ChainOfResponsibility.csproj", "{BC24188F-F965-4FDC-B77B-98DA27554706}"
EndProject
Project("{9A19103F-16F7-4668-BE54-9A1E7A4F7556}") = "Command", "Command\Command.csproj", "{C233FBCB-9276-4536-A3B9-500133107D68}"
EndProject
Project("{9A19103F-16F7-4668-BE54-9A1E7A4F7556}") = "Interpreter", "Interpreter\Interpreter.csproj", "{0FCE046B-3EC3-41C8-833D-0ED1F4E788CC}"
EndProject
Project("{9A19103F-16F7-4668-BE54-9A1E7A4F7556}") = "Iterator", "Iterator\Iterator.csproj", "{2183BB06-ABD4-42A5-AD3C-8E65E09A8DE1}"
EndProject
Project("{FAE04EC0-301F-11D3-BF4B-00C04F79EFBC}") = "Memento", "Memento\Memento.csproj", "{0724B008-E188-41B7-A9AF-506AEA645FDB}"
EndProject
Global
	GlobalSection(SolutionConfigurationPlatforms) = preSolution
		Debug|Any CPU = Debug|Any CPU
		Release|Any CPU = Release|Any CPU
	EndGlobalSection
	GlobalSection(ProjectConfigurationPlatforms) = postSolution
		{417B1789-D369-482A-8033-6A4FA00591BB}.Debug|Any CPU.ActiveCfg = Debug|Any CPU
		{417B1789-D369-482A-8033-6A4FA00591BB}.Debug|Any CPU.Build.0 = Debug|Any CPU
		{417B1789-D369-482A-8033-6A4FA00591BB}.Release|Any CPU.ActiveCfg = Release|Any CPU
		{417B1789-D369-482A-8033-6A4FA00591BB}.Release|Any CPU.Build.0 = Release|Any CPU
		{B32A8EA8-55F8-4767-A47D-05FF89CB3974}.Debug|Any CPU.ActiveCfg = Debug|Any CPU
		{B32A8EA8-55F8-4767-A47D-05FF89CB3974}.Debug|Any CPU.Build.0 = Debug|Any CPU
		{B32A8EA8-55F8-4767-A47D-05FF89CB3974}.Release|Any CPU.ActiveCfg = Release|Any CPU
		{B32A8EA8-55F8-4767-A47D-05FF89CB3974}.Release|Any CPU.Build.0 = Release|Any CPU
		{58B0BA05-3797-4F6E-A079-A529DDE1BF2F}.Debug|Any CPU.ActiveCfg = Debug|Any CPU
		{58B0BA05-3797-4F6E-A079-A529DDE1BF2F}.Debug|Any CPU.Build.0 = Debug|Any CPU
		{58B0BA05-3797-4F6E-A079-A529DDE1BF2F}.Release|Any CPU.ActiveCfg = Release|Any CPU
		{58B0BA05-3797-4F6E-A079-A529DDE1BF2F}.Release|Any CPU.Build.0 = Release|Any CPU
		{AD641EF4-A28D-4605-A1CA-7AB17E10AD95}.Debug|Any CPU.ActiveCfg = Debug|Any CPU
		{AD641EF4-A28D-4605-A1CA-7AB17E10AD95}.Debug|Any CPU.Build.0 = Debug|Any CPU
		{AD641EF4-A28D-4605-A1CA-7AB17E10AD95}.Release|Any CPU.ActiveCfg = Release|Any CPU
		{AD641EF4-A28D-4605-A1CA-7AB17E10AD95}.Release|Any CPU.Build.0 = Release|Any CPU
		{C415C341-CF2F-4B1E-AFCF-7A222F75D7AF}.Debug|Any CPU.ActiveCfg = Debug|Any CPU
		{C415C341-CF2F-4B1E-AFCF-7A222F75D7AF}.Debug|Any CPU.Build.0 = Debug|Any CPU
		{C415C341-CF2F-4B1E-AFCF-7A222F75D7AF}.Release|Any CPU.ActiveCfg = Release|Any CPU
		{C415C341-CF2F-4B1E-AFCF-7A222F75D7AF}.Release|Any CPU.Build.0 = Release|Any CPU
		{2C8D70E8-9D89-4D29-B534-42525E7A4377}.Debug|Any CPU.ActiveCfg = Debug|Any CPU
		{2C8D70E8-9D89-4D29-B534-42525E7A4377}.Debug|Any CPU.Build.0 = Debug|Any CPU
		{2C8D70E8-9D89-4D29-B534-42525E7A4377}.Release|Any CPU.ActiveCfg = Release|Any CPU
		{2C8D70E8-9D89-4D29-B534-42525E7A4377}.Release|Any CPU.Build.0 = Release|Any CPU
		{F3A1B1C6-047B-4600-B6AB-333553289903}.Debug|Any CPU.ActiveCfg = Debug|Any CPU
		{F3A1B1C6-047B-4600-B6AB-333553289903}.Debug|Any CPU.Build.0 = Debug|Any CPU
		{F3A1B1C6-047B-4600-B6AB-333553289903}.Release|Any CPU.ActiveCfg = Release|Any CPU
		{F3A1B1C6-047B-4600-B6AB-333553289903}.Release|Any CPU.Build.0 = Release|Any CPU
		{6C17B5C9-1C92-4722-9D58-6494417537BC}.Debug|Any CPU.ActiveCfg = Debug|Any CPU
		{6C17B5C9-1C92-4722-9D58-6494417537BC}.Debug|Any CPU.Build.0 = Debug|Any CPU
		{6C17B5C9-1C92-4722-9D58-6494417537BC}.Release|Any CPU.ActiveCfg = Release|Any CPU
		{6C17B5C9-1C92-4722-9D58-6494417537BC}.Release|Any CPU.Build.0 = Release|Any CPU
		{B74F2649-7E5B-4E52-A11F-9D0E585416CD}.Debug|Any CPU.ActiveCfg = Debug|Any CPU
		{B74F2649-7E5B-4E52-A11F-9D0E585416CD}.Debug|Any CPU.Build.0 = Debug|Any CPU
		{B74F2649-7E5B-4E52-A11F-9D0E585416CD}.Release|Any CPU.ActiveCfg = Release|Any CPU
		{B74F2649-7E5B-4E52-A11F-9D0E585416CD}.Release|Any CPU.Build.0 = Release|Any CPU
		{6B26939C-7160-4BF3-BF71-B9138C9B26A3}.Debug|Any CPU.ActiveCfg = Debug|Any CPU
		{6B26939C-7160-4BF3-BF71-B9138C9B26A3}.Debug|Any CPU.Build.0 = Debug|Any CPU
		{6B26939C-7160-4BF3-BF71-B9138C9B26A3}.Release|Any CPU.ActiveCfg = Release|Any CPU
		{6B26939C-7160-4BF3-BF71-B9138C9B26A3}.Release|Any CPU.Build.0 = Release|Any CPU
		{3D835A75-4B6C-441C-B3BB-2C8830903B5D}.Debug|Any CPU.ActiveCfg = Debug|Any CPU
		{3D835A75-4B6C-441C-B3BB-2C8830903B5D}.Debug|Any CPU.Build.0 = Debug|Any CPU
		{3D835A75-4B6C-441C-B3BB-2C8830903B5D}.Release|Any CPU.ActiveCfg = Release|Any CPU
		{3D835A75-4B6C-441C-B3BB-2C8830903B5D}.Release|Any CPU.Build.0 = Release|Any CPU
		{1407AB34-8118-4ACF-A363-33A24CAF991C}.Debug|Any CPU.ActiveCfg = Debug|Any CPU
		{1407AB34-8118-4ACF-A363-33A24CAF991C}.Debug|Any CPU.Build.0 = Debug|Any CPU
		{1407AB34-8118-4ACF-A363-33A24CAF991C}.Release|Any CPU.ActiveCfg = Release|Any CPU
		{1407AB34-8118-4ACF-A363-33A24CAF991C}.Release|Any CPU.Build.0 = Release|Any CPU
		{0631BFC1-46E4-4BCF-96CA-F4BB64BEF4D0}.Debug|Any CPU.ActiveCfg = Debug|Any CPU
		{0631BFC1-46E4-4BCF-96CA-F4BB64BEF4D0}.Debug|Any CPU.Build.0 = Debug|Any CPU
		{0631BFC1-46E4-4BCF-96CA-F4BB64BEF4D0}.Release|Any CPU.ActiveCfg = Release|Any CPU
		{0631BFC1-46E4-4BCF-96CA-F4BB64BEF4D0}.Release|Any CPU.Build.0 = Release|Any CPU
		{ECA48D41-CD04-4DFB-B169-72F3E08BDEB4}.Debug|Any CPU.ActiveCfg = Debug|Any CPU
		{ECA48D41-CD04-4DFB-B169-72F3E08BDEB4}.Debug|Any CPU.Build.0 = Debug|Any CPU
		{ECA48D41-CD04-4DFB-B169-72F3E08BDEB4}.Release|Any CPU.ActiveCfg = Release|Any CPU
		{ECA48D41-CD04-4DFB-B169-72F3E08BDEB4}.Release|Any CPU.Build.0 = Release|Any CPU
		{BC24188F-F965-4FDC-B77B-98DA27554706}.Debug|Any CPU.ActiveCfg = Debug|Any CPU
		{BC24188F-F965-4FDC-B77B-98DA27554706}.Debug|Any CPU.Build.0 = Debug|Any CPU
		{BC24188F-F965-4FDC-B77B-98DA27554706}.Release|Any CPU.ActiveCfg = Release|Any CPU
		{BC24188F-F965-4FDC-B77B-98DA27554706}.Release|Any CPU.Build.0 = Release|Any CPU
		{C233FBCB-9276-4536-A3B9-500133107D68}.Debug|Any CPU.ActiveCfg = Debug|Any CPU
		{C233FBCB-9276-4536-A3B9-500133107D68}.Debug|Any CPU.Build.0 = Debug|Any CPU
		{C233FBCB-9276-4536-A3B9-500133107D68}.Release|Any CPU.ActiveCfg = Release|Any CPU
		{C233FBCB-9276-4536-A3B9-500133107D68}.Release|Any CPU.Build.0 = Release|Any CPU
		{0FCE046B-3EC3-41C8-833D-0ED1F4E788CC}.Debug|Any CPU.ActiveCfg = Debug|Any CPU
		{0FCE046B-3EC3-41C8-833D-0ED1F4E788CC}.Debug|Any CPU.Build.0 = Debug|Any CPU
		{0FCE046B-3EC3-41C8-833D-0ED1F4E788CC}.Release|Any CPU.ActiveCfg = Release|Any CPU
		{0FCE046B-3EC3-41C8-833D-0ED1F4E788CC}.Release|Any CPU.Build.0 = Release|Any CPU
		{2183BB06-ABD4-42A5-AD3C-8E65E09A8DE1}.Debug|Any CPU.ActiveCfg = Debug|Any CPU
		{2183BB06-ABD4-42A5-AD3C-8E65E09A8DE1}.Debug|Any CPU.Build.0 = Debug|Any CPU
		{2183BB06-ABD4-42A5-AD3C-8E65E09A8DE1}.Release|Any CPU.ActiveCfg = Release|Any CPU
		{2183BB06-ABD4-42A5-AD3C-8E65E09A8DE1}.Release|Any CPU.Build.0 = Release|Any CPU
		{0724B008-E188-41B7-A9AF-506AEA645FDB}.Debug|Any CPU.ActiveCfg = Debug|Any CPU
		{0724B008-E188-41B7-A9AF-506AEA645FDB}.Debug|Any CPU.Build.0 = Debug|Any CPU
		{0724B008-E188-41B7-A9AF-506AEA645FDB}.Release|Any CPU.ActiveCfg = Release|Any CPU
		{0724B008-E188-41B7-A9AF-506AEA645FDB}.Release|Any CPU.Build.0 = Release|Any CPU
	EndGlobalSection
	GlobalSection(SolutionProperties) = preSolution
		HideSolutionNode = FALSE
	EndGlobalSection
	GlobalSection(NestedProjects) = preSolution
		{417B1789-D369-482A-8033-6A4FA00591BB} = {414CC38F-9591-4A03-BAEF-9E2E7566916A}
		{B32A8EA8-55F8-4767-A47D-05FF89CB3974} = {414CC38F-9591-4A03-BAEF-9E2E7566916A}
		{58B0BA05-3797-4F6E-A079-A529DDE1BF2F} = {414CC38F-9591-4A03-BAEF-9E2E7566916A}
		{AD641EF4-A28D-4605-A1CA-7AB17E10AD95} = {A255A92B-9BBD-4A82-B271-3F8D5577DBC5}
		{C415C341-CF2F-4B1E-AFCF-7A222F75D7AF} = {A255A92B-9BBD-4A82-B271-3F8D5577DBC5}
		{2C8D70E8-9D89-4D29-B534-42525E7A4377} = {A255A92B-9BBD-4A82-B271-3F8D5577DBC5}
		{F3A1B1C6-047B-4600-B6AB-333553289903} = {A255A92B-9BBD-4A82-B271-3F8D5577DBC5}
		{6C17B5C9-1C92-4722-9D58-6494417537BC} = {A255A92B-9BBD-4A82-B271-3F8D5577DBC5}
		{B74F2649-7E5B-4E52-A11F-9D0E585416CD} = {A255A92B-9BBD-4A82-B271-3F8D5577DBC5}
		{6B26939C-7160-4BF3-BF71-B9138C9B26A3} = {414CC38F-9591-4A03-BAEF-9E2E7566916A}
		{3D835A75-4B6C-441C-B3BB-2C8830903B5D} = {414CC38F-9591-4A03-BAEF-9E2E7566916A}
		{1407AB34-8118-4ACF-A363-33A24CAF991C} = {414CC38F-9591-4A03-BAEF-9E2E7566916A}
		{0631BFC1-46E4-4BCF-96CA-F4BB64BEF4D0} = {414CC38F-9591-4A03-BAEF-9E2E7566916A}
		{ECA48D41-CD04-4DFB-B169-72F3E08BDEB4} = {D8E28F32-D4A4-4893-B694-3630B1CBBDF1}
		{BC24188F-F965-4FDC-B77B-98DA27554706} = {D8E28F32-D4A4-4893-B694-3630B1CBBDF1}
		{C233FBCB-9276-4536-A3B9-500133107D68} = {D8E28F32-D4A4-4893-B694-3630B1CBBDF1}
		{0FCE046B-3EC3-41C8-833D-0ED1F4E788CC} = {D8E28F32-D4A4-4893-B694-3630B1CBBDF1}
		{2183BB06-ABD4-42A5-AD3C-8E65E09A8DE1} = {D8E28F32-D4A4-4893-B694-3630B1CBBDF1}
		{0724B008-E188-41B7-A9AF-506AEA645FDB} = {D8E28F32-D4A4-4893-B694-3630B1CBBDF1}
	EndGlobalSection
	GlobalSection(ExtensibilityGlobals) = postSolution
		SolutionGuid = {D0121DCF-47AD-4479-9FAC-057560F648FF}
	EndGlobalSection
EndGlobal
